# This file is automatically @generated by Cargo.
# It is not intended for manual editing.
version = 4

[[package]]
name = "magia-cli"
version = "0.1.0"
dependencies = [
 "magia-core",
 "magia-rust",
]

[[package]]
name = "magia-core"
version = "0.1.0"

[[package]]
name = "magia-rust"
version = "0.1.0"
dependencies = [
 "magia-core",
]
